{
  "name": "v2",
  "lockfileVersion": 3,
  "requires": true,
  "packages": {
    "": {
      "dependencies": {
        "@leeoniya/ufuzzy": "^1.0.14",
        "leaflet": "^1.3",
        "leaflet-search": "^4.0.0",
        "openseadragon": "^4.1.1"
      },
      "devDependencies": {
        "fuse.js": "^7.0.0"
      }
    },
    "node_modules/@leeoniya/ufuzzy": {
      "version": "1.0.14",
      "resolved": "https://registry.npmjs.org/@leeoniya/ufuzzy/-/ufuzzy-1.0.14.tgz",
      "integrity": "sha512-/xF4baYuCQMo+L/fMSUrZnibcu0BquEGnbxfVPiZhs/NbJeKj4c/UmFpQzW9Us0w45ui/yYW3vyaqawhNYsTzA=="
    },
    "node_modules/fuse.js": {
      "version": "7.0.0",
      "resolved": "https://registry.npmjs.org/fuse.js/-/fuse.js-7.0.0.tgz",
      "integrity": "sha512-14F4hBIxqKvD4Zz/XjDc3y94mNZN6pRv3U13Udo0lNLCWRBUsrMv2xwcF/y/Z5sV6+FQW+/ow68cHpm4sunt8Q==",
      "dev": true,
      "engines": {
        "node": ">=10"
      }
    },
    "node_modules/leaflet": {
      "version": "1.3.4",
      "resolved": "https://registry.npmjs.org/leaflet/-/leaflet-1.3.4.tgz",
      "integrity": "sha512-FYL1LGFdj6v+2Ifpw+AcFIuIOqjNggfoLUwuwQv6+3sS21Za7Wvapq+LhbSE4NDXrEj6eYnW3y7LsaBICpyXtw=="
    },
    "node_modules/leaflet-search": {
      "version": "4.0.0",
      "resolved": "https://registry.npmjs.org/leaflet-search/-/leaflet-search-4.0.0.tgz",
      "integrity": "sha512-V+Y7DURVoy6Y9ZGywfyorDRMYDbLwpWPA0yec+g2aW+iNZySdwv936jDZJtRfYxvkPRMEb8jDjH+Zf3nSFTPEw==",
      "dependencies": {
        "leaflet": "*"
      }
    },
    "node_modules/openseadragon": {
      "version": "4.1.1",
      "resolved": "https://registry.npmjs.org/openseadragon/-/openseadragon-4.1.1.tgz",
      "integrity": "sha512-owU9gsasAcobLN+LM8lN58Xc2VDSDotY9mkrwS/NB6g9KX/PcusV4RZvhHng2RF/Q0pMziwldf62glwXoGnuzg==",
      "funding": {
        "url": "https://opencollective.com/openseadragon"
      }
    }
  }
}
