{
  "name": "v2",
  "lockfileVersion": 3,
  "requires": true,
  "packages": {
    "": {
      "dependencies": {
        "openseadragon": "^4.1.1"
      }
    },
    "node_modules/openseadragon": {
      "version": "4.1.1",
      "resolved": "https://registry.npmjs.org/openseadragon/-/openseadragon-4.1.1.tgz",
      "integrity": "sha512-owU9gsasAcobLN+LM8lN58Xc2VDSDotY9mkrwS/NB6g9KX/PcusV4RZvhHng2RF/Q0pMziwldf62glwXoGnuzg==",
      "funding": {
        "url": "https://opencollective.com/openseadragon"
      }
    }
  }
}
